{
  "name": "govwifi-product-page",
  "version": "1.0.0",
  "lockfileVersion": 3,
  "requires": true,
  "packages": {
    "": {
      "name": "govwifi-product-page",
      "version": "1.0.0",
      "hasInstallScript": true,
      "license": "MIT",
      "dependencies": {
        "gaap-analytics": "^3.1.0",
        "govuk-frontend": "^5.11.12",
        "govwifi-shared-frontend": "https://github.com/GovWifi/govwifi-shared-frontend/releases/download/v0.6.21/govwifi-shared-frontend-0.6.21.tgz"
      }
    },
    "node_modules/gaap-analytics": {
      "version": "3.1.0",
      "resolved": "https://registry.npmjs.org/gaap-analytics/-/gaap-analytics-3.1.0.tgz",
      "integrity": "sha512-9G7Hwy/D2bjFymOQIptNArrTDAgGjssAv+L6SvbAJinDOSzeX9zUc46PnDVA5WPHHUC5+er4y9+o/nYbubwPoA==",
      "license": "MIT"
    },
    "node_modules/govuk-frontend": {
      "version": "5.14.0",
      "resolved": "https://registry.npmjs.org/govuk-frontend/-/govuk-frontend-5.14.0.tgz",
      "integrity": "sha512-MgfaXswIM6KpXS2T5gltEnzgVLgfM3UoE9+rYkhBiR0suaJ8Let31VZXQZqz9QhiPDbv28fW1nRjIyLujfZIBA==",
      "license": "MIT",
      "engines": {
        "node": ">= 4.2.0"
      }
    },
    "node_modules/govwifi-shared-frontend": {
      "version": "0.6.21",
      "resolved": "https://github.com/GovWifi/govwifi-shared-frontend/releases/download/v0.6.21/govwifi-shared-frontend-0.6.21.tgz",
      "integrity": "sha512-EDpJt9Hs9YC1Ee52uPrQlPI8/pzUSh/mXVfBAjnT03ariWyrBL9cS4iOr3KM/8hSutLgScikKW0KKFtqOIAq5w==",
      "license": "MIT",
      "dependencies": {
        "js-cookie": "^3.0.7"
      },
      "engines": {
        "node": ">=18.17.0",
        "npm": ">=9.6.7"
      }
    },
    "node_modules/js-cookie": {
      "version": "3.0.7",
      "resolved": "https://registry.npmjs.org/js-cookie/-/js-cookie-3.0.7.tgz",
      "integrity": "sha512-z/wZZgDrkNV1eA0ULjM/F9/50Ya8fbzgKneSpoPsXSGd0KnpdtHfOZWK+GcwLk+EZbS4F9RBhU+K2RgzuDaItw==",
      "license": "MIT",
      "engines": {
        "node": ">=20"
      }
    }
  }
}
